
Microsoft Visual Studio Solution File, Format Version 12.00
# Visual Studio Version 16
VisualStudioVersion = 16.0.30413.136
MinimumVisualStudioVersion = 10.0.40219.1
Project("{9A19103F-16F7-4668-BE54-9A1E7A4F7556}") = "DocCompareWPF", "DocCompareWPF\DocCompareWPF.csproj", "{63774A84-EAB8-4A7C-93A8-30A21F152D10}"
EndProject
Project("{9A19103F-16F7-4668-BE54-9A1E7A4F7556}") = "DocCompareDLL", "DocCompareDLL\DocCompareDLL.csproj", "{CF131ABE-536D-4F99-A9FF-951B15C6CA89}"
EndProject
Project("{9A19103F-16F7-4668-BE54-9A1E7A4F7556}") = "DocConvert", "DocConvert\DocConvert.csproj", "{9EB7F21C-9FCB-4EC3-9739-6885DCA58B48}"
EndProject
Project("{930C7802-8A8C-48F9-8165-68863BCCD9DD}") = "InstallerAppMM", "InstallerAppMM\InstallerAppMM.wixproj", "{71AE4CE3-A576-49AB-810D-7459664C01C6}"
EndProject
Project("{930C7802-8A8C-48F9-8165-68863BCCD9DD}") = "InstallerApp", "InstallerApp\InstallerApp.wixproj", "{B3E34EBB-7732-4DE1-B402-438FD9A2C1FF}"
EndProject
Global
	GlobalSection(SolutionConfigurationPlatforms) = preSolution
		Debug|x64 = Debug|x64
		Debug|x86 = Debug|x86
		Release|x64 = Release|x64
		Release|x86 = Release|x86
	EndGlobalSection
	GlobalSection(ProjectConfigurationPlatforms) = postSolution
		{63774A84-EAB8-4A7C-93A8-30A21F152D10}.Debug|x64.ActiveCfg = Debug|x64
		{63774A84-EAB8-4A7C-93A8-30A21F152D10}.Debug|x64.Build.0 = Debug|x64
		{63774A84-EAB8-4A7C-93A8-30A21F152D10}.Debug|x86.ActiveCfg = Debug|x86
		{63774A84-EAB8-4A7C-93A8-30A21F152D10}.Debug|x86.Build.0 = Debug|x86
		{63774A84-EAB8-4A7C-93A8-30A21F152D10}.Release|x64.ActiveCfg = Release|x64
		{63774A84-EAB8-4A7C-93A8-30A21F152D10}.Release|x64.Build.0 = Release|x64
		{63774A84-EAB8-4A7C-93A8-30A21F152D10}.Release|x86.ActiveCfg = Release|Any CPU
		{63774A84-EAB8-4A7C-93A8-30A21F152D10}.Release|x86.Build.0 = Release|Any CPU
		{CF131ABE-536D-4F99-A9FF-951B15C6CA89}.Debug|x64.ActiveCfg = Debug|x64
		{CF131ABE-536D-4F99-A9FF-951B15C6CA89}.Debug|x64.Build.0 = Debug|x64
		{CF131ABE-536D-4F99-A9FF-951B15C6CA89}.Debug|x86.ActiveCfg = Debug|x86
		{CF131ABE-536D-4F99-A9FF-951B15C6CA89}.Debug|x86.Build.0 = Debug|x86
		{CF131ABE-536D-4F99-A9FF-951B15C6CA89}.Release|x64.ActiveCfg = Release|x64
		{CF131ABE-536D-4F99-A9FF-951B15C6CA89}.Release|x64.Build.0 = Release|x64
		{CF131ABE-536D-4F99-A9FF-951B15C6CA89}.Release|x86.ActiveCfg = Release|Any CPU
		{CF131ABE-536D-4F99-A9FF-951B15C6CA89}.Release|x86.Build.0 = Release|Any CPU
		{9EB7F21C-9FCB-4EC3-9739-6885DCA58B48}.Debug|x64.ActiveCfg = Debug|x64
		{9EB7F21C-9FCB-4EC3-9739-6885DCA58B48}.Debug|x64.Build.0 = Debug|x64
		{9EB7F21C-9FCB-4EC3-9739-6885DCA58B48}.Debug|x86.ActiveCfg = Debug|x86
		{9EB7F21C-9FCB-4EC3-9739-6885DCA58B48}.Debug|x86.Build.0 = Debug|x86
		{9EB7F21C-9FCB-4EC3-9739-6885DCA58B48}.Release|x64.ActiveCfg = Release|x64
		{9EB7F21C-9FCB-4EC3-9739-6885DCA58B48}.Release|x64.Build.0 = Release|x64
		{9EB7F21C-9FCB-4EC3-9739-6885DCA58B48}.Release|x86.ActiveCfg = Release|Any CPU
		{9EB7F21C-9FCB-4EC3-9739-6885DCA58B48}.Release|x86.Build.0 = Release|Any CPU
		{71AE4CE3-A576-49AB-810D-7459664C01C6}.Debug|x64.ActiveCfg = Debug|x86
		{71AE4CE3-A576-49AB-810D-7459664C01C6}.Debug|x64.Build.0 = Debug|x86
		{71AE4CE3-A576-49AB-810D-7459664C01C6}.Debug|x86.ActiveCfg = Debug|x86
		{71AE4CE3-A576-49AB-810D-7459664C01C6}.Debug|x86.Build.0 = Debug|x86
		{71AE4CE3-A576-49AB-810D-7459664C01C6}.Release|x64.ActiveCfg = Release|x86
		{71AE4CE3-A576-49AB-810D-7459664C01C6}.Release|x64.Build.0 = Release|x86
		{71AE4CE3-A576-49AB-810D-7459664C01C6}.Release|x86.ActiveCfg = Release|x86
		{71AE4CE3-A576-49AB-810D-7459664C01C6}.Release|x86.Build.0 = Release|x86
		{B3E34EBB-7732-4DE1-B402-438FD9A2C1FF}.Debug|x64.ActiveCfg = Debug|x86
		{B3E34EBB-7732-4DE1-B402-438FD9A2C1FF}.Debug|x64.Build.0 = Debug|x86
		{B3E34EBB-7732-4DE1-B402-438FD9A2C1FF}.Debug|x86.ActiveCfg = Debug|x86
		{B3E34EBB-7732-4DE1-B402-438FD9A2C1FF}.Debug|x86.Build.0 = Debug|x86
		{B3E34EBB-7732-4DE1-B402-438FD9A2C1FF}.Release|x64.ActiveCfg = Release|x86
		{B3E34EBB-7732-4DE1-B402-438FD9A2C1FF}.Release|x64.Build.0 = Release|x86
		{B3E34EBB-7732-4DE1-B402-438FD9A2C1FF}.Release|x86.ActiveCfg = Release|x86
		{B3E34EBB-7732-4DE1-B402-438FD9A2C1FF}.Release|x86.Build.0 = Release|x86
	EndGlobalSection
	GlobalSection(SolutionProperties) = preSolution
		HideSolutionNode = FALSE
	EndGlobalSection
	GlobalSection(ExtensibilityGlobals) = postSolution
		SolutionGuid = {002C6CB3-BD20-46C2-8AD1-6BDBAC9B8539}
	EndGlobalSection
EndGlobal
